// !$*UTF8*$!
{
	archiveVersion = 1;
	classes = {
	};
	objectVersion = 50;
	objects = {

/* Begin PBXBuildFile section */
		78D90C3123C88C3A0013D11D /* AppDelegate.swift in Sources */ = {isa = PBXBuildFile; fileRef = 78D90C3023C88C3A0013D11D /* AppDelegate.swift */; };
		78D90C3323C88C3A0013D11D /* SceneDelegate.swift in Sources */ = {isa = PBXBuildFile; fileRef = 78D90C3223C88C3A0013D11D /* SceneDelegate.swift */; };
		78D90C3523C88C3A0013D11D /* ViewController.swift in Sources */ = {isa = PBXBuildFile; fileRef = 78D90C3423C88C3A0013D11D /* ViewController.swift */; };
		78D90C3823C88C3A0013D11D /* Main.storyboard in Resources */ = {isa = PBXBuildFile; fileRef = 78D90C3623C88C3A0013D11D /* Main.storyboard */; };
		78D90C3B23C88C3A0013D11D /* JogTracker.xcdatamodeld in Sources */ = {isa = PBXBuildFile; fileRef = 78D90C3923C88C3A0013D11D /* JogTracker.xcdatamodeld */; };
		78D90C3D23C88C3D0013D11D /* Assets.xcassets in Resources */ = {isa = PBXBuildFile; fileRef = 78D90C3C23C88C3D0013D11D /* Assets.xcassets */; };
		78D90C4023C88C3D0013D11D /* LaunchScreen.storyboard in Resources */ = {isa = PBXBuildFile; fileRef = 78D90C3E23C88C3D0013D11D /* LaunchScreen.storyboard */; };
		78D90C4923C88F740013D11D /* UIColor+Addition.swift in Sources */ = {isa = PBXBuildFile; fileRef = 78D90C4823C88F740013D11D /* UIColor+Addition.swift */; };
		78D90C4B23C88F820013D11D /* UIFont+Addition.swift in Sources */ = {isa = PBXBuildFile; fileRef = 78D90C4A23C88F820013D11D /* UIFont+Addition.swift */; };
		78D90C4D23C88F910013D11D /* UIDevice+Addition.swift in Sources */ = {isa = PBXBuildFile; fileRef = 78D90C4C23C88F910013D11D /* UIDevice+Addition.swift */; };
		78D90C5223C897F30013D11D /* LoginScreenViewModel.swift in Sources */ = {isa = PBXBuildFile; fileRef = 78D90C5123C897F30013D11D /* LoginScreenViewModel.swift */; };
		78D90C5523C89C640013D11D /* MainMenuViewController.swift in Sources */ = {isa = PBXBuildFile; fileRef = 78D90C5423C89C640013D11D /* MainMenuViewController.swift */; };
		78D90C5723C89C720013D11D /* MainMenuViewController.storyboard in Resources */ = {isa = PBXBuildFile; fileRef = 78D90C5623C89C720013D11D /* MainMenuViewController.storyboard */; };
		78D90C5923C89C820013D11D /* MainMenuViewModel.swift in Sources */ = {isa = PBXBuildFile; fileRef = 78D90C5823C89C820013D11D /* MainMenuViewModel.swift */; };
		78D90C5E23C8A2D20013D11D /* UpperNavigationPanel.xib in Resources */ = {isa = PBXBuildFile; fileRef = 78D90C5D23C8A2D20013D11D /* UpperNavigationPanel.xib */; };
		78D90C6023C8A8AD0013D11D /* UpperNavigationPanel.swift in Sources */ = {isa = PBXBuildFile; fileRef = 78D90C5F23C8A8AD0013D11D /* UpperNavigationPanel.swift */; };
		78D90C6423C8B9230013D11D /* FirstEnterView.swift in Sources */ = {isa = PBXBuildFile; fileRef = 78D90C6323C8B9230013D11D /* FirstEnterView.swift */; };
		78D90C6623C8B9350013D11D /* FirstEnterView.xib in Resources */ = {isa = PBXBuildFile; fileRef = 78D90C6523C8B9350013D11D /* FirstEnterView.xib */; };
		78D90C7823C90DE40013D11D /* InfoViewController.swift in Sources */ = {isa = PBXBuildFile; fileRef = 78D90C7723C90DE40013D11D /* InfoViewController.swift */; };
		78D90C7A23C90DEF0013D11D /* InfoViewController.storyboard in Resources */ = {isa = PBXBuildFile; fileRef = 78D90C7923C90DEF0013D11D /* InfoViewController.storyboard */; };
		78D90C7C23C90E410013D11D /* ContactUsViewController.swift in Sources */ = {isa = PBXBuildFile; fileRef = 78D90C7B23C90E410013D11D /* ContactUsViewController.swift */; };
		78D90C7E23C90E520013D11D /* ContactUsViewController.storyboard in Resources */ = {isa = PBXBuildFile; fileRef = 78D90C7D23C90E520013D11D /* ContactUsViewController.storyboard */; };
/* End PBXBuildFile section */

/* Begin PBXFileReference section */
		78D90C2D23C88C3A0013D11D /* JogTracker.app */ = {isa = PBXFileReference; explicitFileType = wrapper.application; includeInIndex = 0; path = JogTracker.app; sourceTree = BUILT_PRODUCTS_DIR; };
		78D90C3023C88C3A0013D11D /* AppDelegate.swift */ = {isa = PBXFileReference; lastKnownFileType = sourcecode.swift; path = AppDelegate.swift; sourceTree = "<group>"; };
		78D90C3223C88C3A0013D11D /* SceneDelegate.swift */ = {isa = PBXFileReference; lastKnownFileType = sourcecode.swift; path = SceneDelegate.swift; sourceTree = "<group>"; };
		78D90C3423C88C3A0013D11D /* ViewController.swift */ = {isa = PBXFileReference; lastKnownFileType = sourcecode.swift; path = ViewController.swift; sourceTree = "<group>"; };
		78D90C3723C88C3A0013D11D /* Base */ = {isa = PBXFileReference; lastKnownFileType = file.storyboard; name = Base; path = Base.lproj/Main.storyboard; sourceTree = "<group>"; };
		78D90C3A23C88C3A0013D11D /* JogTracker.xcdatamodel */ = {isa = PBXFileReference; lastKnownFileType = wrapper.xcdatamodel; path = JogTracker.xcdatamodel; sourceTree = "<group>"; };
		78D90C3C23C88C3D0013D11D /* Assets.xcassets */ = {isa = PBXFileReference; lastKnownFileType = folder.assetcatalog; path = Assets.xcassets; sourceTree = "<group>"; };
		78D90C3F23C88C3D0013D11D /* Base */ = {isa = PBXFileReference; lastKnownFileType = file.storyboard; name = Base; path = Base.lproj/LaunchScreen.storyboard; sourceTree = "<group>"; };
		78D90C4123C88C3D0013D11D /* Info.plist */ = {isa = PBXFileReference; lastKnownFileType = text.plist.xml; path = Info.plist; sourceTree = "<group>"; };
		78D90C4823C88F740013D11D /* UIColor+Addition.swift */ = {isa = PBXFileReference; lastKnownFileType = sourcecode.swift; path = "UIColor+Addition.swift"; sourceTree = "<group>"; };
		78D90C4A23C88F820013D11D /* UIFont+Addition.swift */ = {isa = PBXFileReference; lastKnownFileType = sourcecode.swift; path = "UIFont+Addition.swift"; sourceTree = "<group>"; };
		78D90C4C23C88F910013D11D /* UIDevice+Addition.swift */ = {isa = PBXFileReference; lastKnownFileType = sourcecode.swift; path = "UIDevice+Addition.swift"; sourceTree = "<group>"; };
		78D90C5123C897F30013D11D /* LoginScreenViewModel.swift */ = {isa = PBXFileReference; lastKnownFileType = sourcecode.swift; path = LoginScreenViewModel.swift; sourceTree = "<group>"; };
		78D90C5423C89C640013D11D /* MainMenuViewController.swift */ = {isa = PBXFileReference; lastKnownFileType = sourcecode.swift; path = MainMenuViewController.swift; sourceTree = "<group>"; };
		78D90C5623C89C720013D11D /* MainMenuViewController.storyboard */ = {isa = PBXFileReference; lastKnownFileType = file.storyboard; path = MainMenuViewController.storyboard; sourceTree = "<group>"; };
		78D90C5823C89C820013D11D /* MainMenuViewModel.swift */ = {isa = PBXFileReference; lastKnownFileType = sourcecode.swift; path = MainMenuViewModel.swift; sourceTree = "<group>"; };
		78D90C5D23C8A2D20013D11D /* UpperNavigationPanel.xib */ = {isa = PBXFileReference; lastKnownFileType = file.xib; path = UpperNavigationPanel.xib; sourceTree = "<group>"; };
		78D90C5F23C8A8AD0013D11D /* UpperNavigationPanel.swift */ = {isa = PBXFileReference; lastKnownFileType = sourcecode.swift; path = UpperNavigationPanel.swift; sourceTree = "<group>"; };
		78D90C6323C8B9230013D11D /* FirstEnterView.swift */ = {isa = PBXFileReference; lastKnownFileType = sourcecode.swift; path = FirstEnterView.swift; sourceTree = "<group>"; };
		78D90C6523C8B9350013D11D /* FirstEnterView.xib */ = {isa = PBXFileReference; lastKnownFileType = file.xib; path = FirstEnterView.xib; sourceTree = "<group>"; };
		78D90C7723C90DE40013D11D /* InfoViewController.swift */ = {isa = PBXFileReference; lastKnownFileType = sourcecode.swift; path = InfoViewController.swift; sourceTree = "<group>"; };
		78D90C7923C90DEF0013D11D /* InfoViewController.storyboard */ = {isa = PBXFileReference; lastKnownFileType = file.storyboard; path = InfoViewController.storyboard; sourceTree = "<group>"; };
		78D90C7B23C90E410013D11D /* ContactUsViewController.swift */ = {isa = PBXFileReference; lastKnownFileType = sourcecode.swift; path = ContactUsViewController.swift; sourceTree = "<group>"; };
		78D90C7D23C90E520013D11D /* ContactUsViewController.storyboard */ = {isa = PBXFileReference; lastKnownFileType = file.storyboard; path = ContactUsViewController.storyboard; sourceTree = "<group>"; };
/* End PBXFileReference section */

/* Begin PBXFrameworksBuildPhase section */
		78D90C2A23C88C3A0013D11D /* Frameworks */ = {
			isa = PBXFrameworksBuildPhase;
			buildActionMask = 2147483647;
			files = (
			);
			runOnlyForDeploymentPostprocessing = 0;
		};
/* End PBXFrameworksBuildPhase section */

/* Begin PBXGroup section */
		78D90C2423C88C3A0013D11D = {
			isa = PBXGroup;
			children = (
				78D90C2F23C88C3A0013D11D /* JogTracker */,
				78D90C2E23C88C3A0013D11D /* Products */,
			);
			sourceTree = "<group>";
		};
		78D90C2E23C88C3A0013D11D /* Products */ = {
			isa = PBXGroup;
			children = (
				78D90C2D23C88C3A0013D11D /* JogTracker.app */,
			);
			name = Products;
			sourceTree = "<group>";
		};
		78D90C2F23C88C3A0013D11D /* JogTracker */ = {
			isa = PBXGroup;
			children = (
				78D90C7623C90DC70013D11D /* ContactUsScreen */,
				78D90C7523C90DBD0013D11D /* InfoScreen */,
				78D90C3023C88C3A0013D11D /* AppDelegate.swift */,
				78D90C3223C88C3A0013D11D /* SceneDelegate.swift */,
				78D90C4F23C897AD0013D11D /* LaunchScreen */,
				78D90C4E23C897870013D11D /* LoginScreen */,
				78D90C5323C89C390013D11D /* MainMenu */,
				78D90C5A23C8A1D60013D11D /* UIElements */,
				78D90C4723C88F620013D11D /* Additions */,
				78D90C3C23C88C3D0013D11D /* Assets.xcassets */,
				78D90C4123C88C3D0013D11D /* Info.plist */,
				78D90C3923C88C3A0013D11D /* JogTracker.xcdatamodeld */,
			);
			path = JogTracker;
			sourceTree = "<group>";
		};
		78D90C4723C88F620013D11D /* Additions */ = {
			isa = PBXGroup;
			children = (
				78D90C4823C88F740013D11D /* UIColor+Addition.swift */,
				78D90C4A23C88F820013D11D /* UIFont+Addition.swift */,
				78D90C4C23C88F910013D11D /* UIDevice+Addition.swift */,
			);
			path = Additions;
			sourceTree = "<group>";
		};
		78D90C4E23C897870013D11D /* LoginScreen */ = {
			isa = PBXGroup;
			children = (
				78D90C3423C88C3A0013D11D /* ViewController.swift */,
				78D90C3623C88C3A0013D11D /* Main.storyboard */,
				78D90C5123C897F30013D11D /* LoginScreenViewModel.swift */,
			);
			path = LoginScreen;
			sourceTree = "<group>";
		};
		78D90C4F23C897AD0013D11D /* LaunchScreen */ = {
			isa = PBXGroup;
			children = (
				78D90C3E23C88C3D0013D11D /* LaunchScreen.storyboard */,
			);
			path = LaunchScreen;
			sourceTree = "<group>";
		};
		78D90C5323C89C390013D11D /* MainMenu */ = {
			isa = PBXGroup;
			children = (
				78D90C5423C89C640013D11D /* MainMenuViewController.swift */,
				78D90C5623C89C720013D11D /* MainMenuViewController.storyboard */,
				78D90C5823C89C820013D11D /* MainMenuViewModel.swift */,
			);
			path = MainMenu;
			sourceTree = "<group>";
		};
		78D90C5A23C8A1D60013D11D /* UIElements */ = {
			isa = PBXGroup;
			children = (
				78D90C6223C8B9110013D11D /* FirstEnterView */,
				78D90C6123C8B7AD0013D11D /* UpperNavigationPanel */,
			);
			path = UIElements;
			sourceTree = "<group>";
		};
		78D90C6123C8B7AD0013D11D /* UpperNavigationPanel */ = {
			isa = PBXGroup;
			children = (
				78D90C5F23C8A8AD0013D11D /* UpperNavigationPanel.swift */,
				78D90C5D23C8A2D20013D11D /* UpperNavigationPanel.xib */,
			);
			path = UpperNavigationPanel;
			sourceTree = "<group>";
		};
		78D90C6223C8B9110013D11D /* FirstEnterView */ = {
			isa = PBXGroup;
			children = (
				78D90C6323C8B9230013D11D /* FirstEnterView.swift */,
				78D90C6523C8B9350013D11D /* FirstEnterView.xib */,
			);
			path = FirstEnterView;
			sourceTree = "<group>";
		};
		78D90C7523C90DBD0013D11D /* InfoScreen */ = {
			isa = PBXGroup;
			children = (
				78D90C7723C90DE40013D11D /* InfoViewController.swift */,
				78D90C7923C90DEF0013D11D /* InfoViewController.storyboard */,
			);
			path = InfoScreen;
			sourceTree = "<group>";
		};
		78D90C7623C90DC70013D11D /* ContactUsScreen */ = {
			isa = PBXGroup;
			children = (
				78D90C7B23C90E410013D11D /* ContactUsViewController.swift */,
				78D90C7D23C90E520013D11D /* ContactUsViewController.storyboard */,
			);
			path = ContactUsScreen;
			sourceTree = "<group>";
		};
/* End PBXGroup section */

/* Begin PBXNativeTarget section */
		78D90C2C23C88C3A0013D11D /* JogTracker */ = {
			isa = PBXNativeTarget;
			buildConfigurationList = 78D90C4423C88C3D0013D11D /* Build configuration list for PBXNativeTarget "JogTracker" */;
			buildPhases = (
				78D90C2923C88C3A0013D11D /* Sources */,
				78D90C2A23C88C3A0013D11D /* Frameworks */,
				78D90C2B23C88C3A0013D11D /* Resources */,
			);
			buildRules = (
			);
			dependencies = (
			);
			name = JogTracker;
			productName = JogTracker;
			productReference = 78D90C2D23C88C3A0013D11D /* JogTracker.app */;
			productType = "com.apple.product-type.application";
		};
/* End PBXNativeTarget section */

/* Begin PBXProject section */
		78D90C2523C88C3A0013D11D /* Project object */ = {
			isa = PBXProject;
			attributes = {
				LastSwiftUpdateCheck = 1130;
				LastUpgradeCheck = 1130;
				ORGANIZATIONNAME = ValeriyKovalevskiy;
				TargetAttributes = {
					78D90C2C23C88C3A0013D11D = {
						CreatedOnToolsVersion = 11.3;
					};
				};
			};
			buildConfigurationList = 78D90C2823C88C3A0013D11D /* Build configuration list for PBXProject "JogTracker" */;
			compatibilityVersion = "Xcode 9.3";
			developmentRegion = en;
			hasScannedForEncodings = 0;
			knownRegions = (
				en,
				Base,
			);
			mainGroup = 78D90C2423C88C3A0013D11D;
			productRefGroup = 78D90C2E23C88C3A0013D11D /* Products */;
			projectDirPath = "";
			projectRoot = "";
			targets = (
				78D90C2C23C88C3A0013D11D /* JogTracker */,
			);
		};
/* End PBXProject section */

/* Begin PBXResourcesBuildPhase section */
		78D90C2B23C88C3A0013D11D /* Resources */ = {
			isa = PBXResourcesBuildPhase;
			buildActionMask = 2147483647;
			files = (
				78D90C5723C89C720013D11D /* MainMenuViewController.storyboard in Resources */,
				78D90C7A23C90DEF0013D11D /* InfoViewController.storyboard in Resources */,
				78D90C4023C88C3D0013D11D /* LaunchScreen.storyboard in Resources */,
				78D90C6623C8B9350013D11D /* FirstEnterView.xib in Resources */,
				78D90C7E23C90E520013D11D /* ContactUsViewController.storyboard in Resources */,
				78D90C5E23C8A2D20013D11D /* UpperNavigationPanel.xib in Resources */,
				78D90C3D23C88C3D0013D11D /* Assets.xcassets in Resources */,
				78D90C3823C88C3A0013D11D /* Main.storyboard in Resources */,
			);
			runOnlyForDeploymentPostprocessing = 0;
		};
/* End PBXResourcesBuildPhase section */

/* Begin PBXSourcesBuildPhase section */
		78D90C2923C88C3A0013D11D /* Sources */ = {
			isa = PBXSourcesBuildPhase;
			buildActionMask = 2147483647;
			files = (
				78D90C5523C89C640013D11D /* MainMenuViewController.swift in Sources */,
				78D90C4B23C88F820013D11D /* UIFont+Addition.swift in Sources */,
				78D90C5923C89C820013D11D /* MainMenuViewModel.swift in Sources */,
				78D90C3523C88C3A0013D11D /* ViewController.swift in Sources */,
				78D90C6423C8B9230013D11D /* FirstEnterView.swift in Sources */,
				78D90C5223C897F30013D11D /* LoginScreenViewModel.swift in Sources */,
				78D90C3123C88C3A0013D11D /* AppDelegate.swift in Sources */,
				78D90C4923C88F740013D11D /* UIColor+Addition.swift in Sources */,
				78D90C6023C8A8AD0013D11D /* UpperNavigationPanel.swift in Sources */,
				78D90C7C23C90E410013D11D /* ContactUsViewController.swift in Sources */,
				78D90C3323C88C3A0013D11D /* SceneDelegate.swift in Sources */,
				78D90C4D23C88F910013D11D /* UIDevice+Addition.swift in Sources */,
				78D90C3B23C88C3A0013D11D /* JogTracker.xcdatamodeld in Sources */,
				78D90C7823C90DE40013D11D /* InfoViewController.swift in Sources */,
			);
			runOnlyForDeploymentPostprocessing = 0;
		};
/* End PBXSourcesBuildPhase section */

/* Begin PBXVariantGroup section */
		78D90C3623C88C3A0013D11D /* Main.storyboard */ = {
			isa = PBXVariantGroup;
			children = (
				78D90C3723C88C3A0013D11D /* Base */,
			);
			name = Main.storyboard;
			sourceTree = "<group>";
		};
		78D90C3E23C88C3D0013D11D /* LaunchScreen.storyboard */ = {
			isa = PBXVariantGroup;
			children = (
				78D90C3F23C88C3D0013D11D /* Base */,
			);
			name = LaunchScreen.storyboard;
			sourceTree = "<group>";
		};
/* End PBXVariantGroup section */

/* Begin XCBuildConfiguration section */
		78D90C4223C88C3D0013D11D /* Debug */ = {
			isa = XCBuildConfiguration;
			buildSettings = {
				ALWAYS_SEARCH_USER_PATHS = NO;
				CLANG_ANALYZER_NONNULL = YES;
				CLANG_ANALYZER_NUMBER_OBJECT_CONVERSION = YES_AGGRESSIVE;
				CLANG_CXX_LANGUAGE_STANDARD = "gnu++14";
				CLANG_CXX_LIBRARY = "libc++";
				CLANG_ENABLE_MODULES = YES;
				CLANG_ENABLE_OBJC_ARC = YES;
				CLANG_ENABLE_OBJC_WEAK = YES;
				CLANG_WARN_BLOCK_CAPTURE_AUTORELEASING = YES;
				CLANG_WARN_BOOL_CONVERSION = YES;
				CLANG_WARN_COMMA = YES;
				CLANG_WARN_CONSTANT_CONVERSION = YES;
				CLANG_WARN_DEPRECATED_OBJC_IMPLEMENTATIONS = YES;
				CLANG_WARN_DIRECT_OBJC_ISA_USAGE = YES_ERROR;
				CLANG_WARN_DOCUMENTATION_COMMENTS = YES;
				CLANG_WARN_EMPTY_BODY = YES;
				CLANG_WARN_ENUM_CONVERSION = YES;
				CLANG_WARN_INFINITE_RECURSION = YES;
				CLANG_WARN_INT_CONVERSION = YES;
				CLANG_WARN_NON_LITERAL_NULL_CONVERSION = YES;
				CLANG_WARN_OBJC_IMPLICIT_RETAIN_SELF = YES;
				CLANG_WARN_OBJC_LITERAL_CONVERSION = YES;
				CLANG_WARN_OBJC_ROOT_CLASS = YES_ERROR;
				CLANG_WARN_RANGE_LOOP_ANALYSIS = YES;
				CLANG_WARN_STRICT_PROTOTYPES = YES;
				CLANG_WARN_SUSPICIOUS_MOVE = YES;
				CLANG_WARN_UNGUARDED_AVAILABILITY = YES_AGGRESSIVE;
				CLANG_WARN_UNREACHABLE_CODE = YES;
				CLANG_WARN__DUPLICATE_METHOD_MATCH = YES;
				COPY_PHASE_STRIP = NO;
				DEBUG_INFORMATION_FORMAT = dwarf;
				ENABLE_STRICT_OBJC_MSGSEND = YES;
				ENABLE_TESTABILITY = YES;
				GCC_C_LANGUAGE_STANDARD = gnu11;
				GCC_DYNAMIC_NO_PIC = NO;
				GCC_NO_COMMON_BLOCKS = YES;
				GCC_OPTIMIZATION_LEVEL = 0;
				GCC_PREPROCESSOR_DEFINITIONS = (
					"DEBUG=1",
					"$(inherited)",
				);
				GCC_WARN_64_TO_32_BIT_CONVERSION = YES;
				GCC_WARN_ABOUT_RETURN_TYPE = YES_ERROR;
				GCC_WARN_UNDECLARED_SELECTOR = YES;
				GCC_WARN_UNINITIALIZED_AUTOS = YES_AGGRESSIVE;
				GCC_WARN_UNUSED_FUNCTION = YES;
				GCC_WARN_UNUSED_VARIABLE = YES;
				IPHONEOS_DEPLOYMENT_TARGET = 13.2;
				MTL_ENABLE_DEBUG_INFO = INCLUDE_SOURCE;
				MTL_FAST_MATH = YES;
				ONLY_ACTIVE_ARCH = YES;
				SDKROOT = iphoneos;
				SWIFT_ACTIVE_COMPILATION_CONDITIONS = DEBUG;
				SWIFT_OPTIMIZATION_LEVEL = "-Onone";
			};
			name = Debug;
		};
		78D90C4323C88C3D0013D11D /* Release */ = {
			isa = XCBuildConfiguration;
			buildSettings = {
				ALWAYS_SEARCH_USER_PATHS = NO;
				CLANG_ANALYZER_NONNULL = YES;
				CLANG_ANALYZER_NUMBER_OBJECT_CONVERSION = YES_AGGRESSIVE;
				CLANG_CXX_LANGUAGE_STANDARD = "gnu++14";
				CLANG_CXX_LIBRARY = "libc++";
				CLANG_ENABLE_MODULES = YES;
				CLANG_ENABLE_OBJC_ARC = YES;
				CLANG_ENABLE_OBJC_WEAK = YES;
				CLANG_WARN_BLOCK_CAPTURE_AUTORELEASING = YES;
				CLANG_WARN_BOOL_CONVERSION = YES;
				CLANG_WARN_COMMA = YES;
				CLANG_WARN_CONSTANT_CONVERSION = YES;
				CLANG_WARN_DEPRECATED_OBJC_IMPLEMENTATIONS = YES;
				CLANG_WARN_DIRECT_OBJC_ISA_USAGE = YES_ERROR;
				CLANG_WARN_DOCUMENTATION_COMMENTS = YES;
				CLANG_WARN_EMPTY_BODY = YES;
				CLANG_WARN_ENUM_CONVERSION = YES;
				CLANG_WARN_INFINITE_RECURSION = YES;
				CLANG_WARN_INT_CONVERSION = YES;
				CLANG_WARN_NON_LITERAL_NULL_CONVERSION = YES;
				CLANG_WARN_OBJC_IMPLICIT_RETAIN_SELF = YES;
				CLANG_WARN_OBJC_LITERAL_CONVERSION = YES;
				CLANG_WARN_OBJC_ROOT_CLASS = YES_ERROR;
				CLANG_WARN_RANGE_LOOP_ANALYSIS = YES;
				CLANG_WARN_STRICT_PROTOTYPES = YES;
				CLANG_WARN_SUSPICIOUS_MOVE = YES;
				CLANG_WARN_UNGUARDED_AVAILABILITY = YES_AGGRESSIVE;
				CLANG_WARN_UNREACHABLE_CODE = YES;
				CLANG_WARN__DUPLICATE_METHOD_MATCH = YES;
				COPY_PHASE_STRIP = NO;
				DEBUG_INFORMATION_FORMAT = "dwarf-with-dsym";
				ENABLE_NS_ASSERTIONS = NO;
				ENABLE_STRICT_OBJC_MSGSEND = YES;
				GCC_C_LANGUAGE_STANDARD = gnu11;
				GCC_NO_COMMON_BLOCKS = YES;
				GCC_WARN_64_TO_32_BIT_CONVERSION = YES;
				GCC_WARN_ABOUT_RETURN_TYPE = YES_ERROR;
				GCC_WARN_UNDECLARED_SELECTOR = YES;
				GCC_WARN_UNINITIALIZED_AUTOS = YES_AGGRESSIVE;
				GCC_WARN_UNUSED_FUNCTION = YES;
				GCC_WARN_UNUSED_VARIABLE = YES;
				IPHONEOS_DEPLOYMENT_TARGET = 13.2;
				MTL_ENABLE_DEBUG_INFO = NO;
				MTL_FAST_MATH = YES;
				SDKROOT = iphoneos;
				SWIFT_COMPILATION_MODE = wholemodule;
				SWIFT_OPTIMIZATION_LEVEL = "-O";
				VALIDATE_PRODUCT = YES;
			};
			name = Release;
		};
		78D90C4523C88C3D0013D11D /* Debug */ = {
			isa = XCBuildConfiguration;
			buildSettings = {
				ASSETCATALOG_COMPILER_APPICON_NAME = AppIcon;
				CODE_SIGN_STYLE = Automatic;
				INFOPLIST_FILE = JogTracker/Info.plist;
				LD_RUNPATH_SEARCH_PATHS = (
					"$(inherited)",
					"@executable_path/Frameworks",
				);
				PRODUCT_BUNDLE_IDENTIFIER = ValeriyKovalevskiy.JogTracker;
				PRODUCT_NAME = "$(TARGET_NAME)";
				SWIFT_VERSION = 5.0;
				TARGETED_DEVICE_FAMILY = "1,2";
			};
			name = Debug;
		};
		78D90C4623C88C3D0013D11D /* Release */ = {
			isa = XCBuildConfiguration;
			buildSettings = {
				ASSETCATALOG_COMPILER_APPICON_NAME = AppIcon;
				CODE_SIGN_STYLE = Automatic;
				INFOPLIST_FILE = JogTracker/Info.plist;
				LD_RUNPATH_SEARCH_PATHS = (
					"$(inherited)",
					"@executable_path/Frameworks",
				);
				PRODUCT_BUNDLE_IDENTIFIER = ValeriyKovalevskiy.JogTracker;
				PRODUCT_NAME = "$(TARGET_NAME)";
				SWIFT_VERSION = 5.0;
				TARGETED_DEVICE_FAMILY = "1,2";
			};
			name = Release;
		};
/* End XCBuildConfiguration section */

/* Begin XCConfigurationList section */
		78D90C2823C88C3A0013D11D /* Build configuration list for PBXProject "JogTracker" */ = {
			isa = XCConfigurationList;
			buildConfigurations = (
				78D90C4223C88C3D0013D11D /* Debug */,
				78D90C4323C88C3D0013D11D /* Release */,
			);
			defaultConfigurationIsVisible = 0;
			defaultConfigurationName = Release;
		};
		78D90C4423C88C3D0013D11D /* Build configuration list for PBXNativeTarget "JogTracker" */ = {
			isa = XCConfigurationList;
			buildConfigurations = (
				78D90C4523C88C3D0013D11D /* Debug */,
				78D90C4623C88C3D0013D11D /* Release */,
			);
			defaultConfigurationIsVisible = 0;
			defaultConfigurationName = Release;
		};
/* End XCConfigurationList section */

/* Begin XCVersionGroup section */
		78D90C3923C88C3A0013D11D /* JogTracker.xcdatamodeld */ = {
			isa = XCVersionGroup;
			children = (
				78D90C3A23C88C3A0013D11D /* JogTracker.xcdatamodel */,
			);
			currentVersion = 78D90C3A23C88C3A0013D11D /* JogTracker.xcdatamodel */;
			path = JogTracker.xcdatamodeld;
			sourceTree = "<group>";
			versionGroupType = wrapper.xcdatamodel;
		};
/* End XCVersionGroup section */
	};
	rootObject = 78D90C2523C88C3A0013D11D /* Project object */;
}
